
Microsoft Visual Studio Solution File, Format Version 12.00
# Visual Studio Version 16
VisualStudioVersion = 25.0.1700.0
MinimumVisualStudioVersion = 10.0.40219.1
Project("{FAE04EC0-301F-11D3-BF4B-00C04F79EFBC}") = "console", "console\console.csproj", "{71E108D0-8253-4931-BB4E-C58456096B73}"
EndProject
Global
	GlobalSection(SolutionConfigurationPlatforms) = preSolution
		Debug|Any CPU = Debug|Any CPU
		Release|Any CPU = Release|Any CPU
	EndGlobalSection
	GlobalSection(ProjectConfigurationPlatforms) = postSolution
		{71E108D0-8253-4931-BB4E-C58456096B73}.Debug|Any CPU.ActiveCfg = Debug|Any CPU
		{71E108D0-8253-4931-BB4E-C58456096B73}.Debug|Any CPU.Build.0 = Debug|Any CPU
		{71E108D0-8253-4931-BB4E-C58456096B73}.Release|Any CPU.ActiveCfg = Release|Any CPU
		{71E108D0-8253-4931-BB4E-C58456096B73}.Release|Any CPU.Build.0 = Release|Any CPU
	EndGlobalSection
	GlobalSection(SolutionProperties) = preSolution
		HideSolutionNode = FALSE
	EndGlobalSection
	GlobalSection(ExtensibilityGlobals) = postSolution
		SolutionGuid = {C1B0AF7D-9219-4186-90C6-47B1D1EAAA71}
	EndGlobalSection
EndGlobal
